
Microsoft Visual Studio Solution File, Format Version 12.00
# Visual Studio Version 17
VisualStudioVersion = 17.5.33627.172
MinimumVisualStudioVersion = 10.0.40219.1
Project("{9A19103F-16F7-4668-BE54-9A1E7A4F7556}") = "project231_2", "project231_2.csproj", "{6935E5B3-9B87-4BDD-86A7-F52F1D9CC9B0}"
EndProject
Project("{FAE04EC0-301F-11D3-BF4B-00C04F79EFBC}") = "ConsoleApp1", "..\ConsoleApp1\ConsoleApp1.csproj", "{B6699E89-1FC6-4B3C-8B5A-2EBA5F6A3740}"
EndProject
Global
	GlobalSection(SolutionConfigurationPlatforms) = preSolution
		Debug|Any CPU = Debug|Any CPU
		Release|Any CPU = Release|Any CPU
	EndGlobalSection
	GlobalSection(ProjectConfigurationPlatforms) = postSolution
		{6935E5B3-9B87-4BDD-86A7-F52F1D9CC9B0}.Debug|Any CPU.ActiveCfg = Debug|Any CPU
		{6935E5B3-9B87-4BDD-86A7-F52F1D9CC9B0}.Debug|Any CPU.Build.0 = Debug|Any CPU
		{6935E5B3-9B87-4BDD-86A7-F52F1D9CC9B0}.Release|Any CPU.ActiveCfg = Release|Any CPU
		{6935E5B3-9B87-4BDD-86A7-F52F1D9CC9B0}.Release|Any CPU.Build.0 = Release|Any CPU
		{B6699E89-1FC6-4B3C-8B5A-2EBA5F6A3740}.Debug|Any CPU.ActiveCfg = Debug|Any CPU
		{B6699E89-1FC6-4B3C-8B5A-2EBA5F6A3740}.Debug|Any CPU.Build.0 = Debug|Any CPU
		{B6699E89-1FC6-4B3C-8B5A-2EBA5F6A3740}.Release|Any CPU.ActiveCfg = Release|Any CPU
		{B6699E89-1FC6-4B3C-8B5A-2EBA5F6A3740}.Release|Any CPU.Build.0 = Release|Any CPU
	EndGlobalSection
	GlobalSection(SolutionProperties) = preSolution
		HideSolutionNode = FALSE
	EndGlobalSection
	GlobalSection(ExtensibilityGlobals) = postSolution
		SolutionGuid = {9F80B25E-76CE-4427-8660-46B433A0C2BE}
	EndGlobalSection
EndGlobal
